dependencies:
- name: api-app
  repository: file://../api-app
  version: 0.1.0
- name: postgres
  repository: file://../postgres
  version: 0.1.0
- name: rustfs
  repository: file://../rustfs
  version: 0.1.0
digest: sha256:4a29979dd9b588d66312d60ebae0eff8aaf14c18689feca77aabf26417410301
generated: "2026-05-20T17:44:05.957946423+07:00"
